
Microsoft Visual Studio Solution File, Format Version 12.00
# Visual Studio Version 17
VisualStudioVersion = 17.7.34221.43
MinimumVisualStudioVersion = 10.0.40219.1
Project("{888888A0-9F3D-457C-B088-3A5042F75D52}") = "testapp(sql)", "testapp(sql)\testapp(sql).pyproj", "{8A3A7D28-3C74-4231-B738-51EAC679CCC7}"
EndProject
Global
	GlobalSection(SolutionConfigurationPlatforms) = preSolution
		Debug|Any CPU = Debug|Any CPU
		Release|Any CPU = Release|Any CPU
	EndGlobalSection
	GlobalSection(ProjectConfigurationPlatforms) = postSolution
		{8A3A7D28-3C74-4231-B738-51EAC679CCC7}.Debug|Any CPU.ActiveCfg = Debug|Any CPU
		{8A3A7D28-3C74-4231-B738-51EAC679CCC7}.Release|Any CPU.ActiveCfg = Release|Any CPU
	EndGlobalSection
	GlobalSection(SolutionProperties) = preSolution
		HideSolutionNode = FALSE
	EndGlobalSection
	GlobalSection(ExtensibilityGlobals) = postSolution
		SolutionGuid = {F81DFDA0-ED55-4B20-BB9E-11F2C4F53CC6}
	EndGlobalSection
EndGlobal
