
Microsoft Visual Studio Solution File, Format Version 12.00
# Visual Studio Version 17
VisualStudioVersion = 17.7.34221.43
MinimumVisualStudioVersion = 10.0.40219.1
Project("{888888A0-9F3D-457C-B088-3A5042F75D52}") = "payload", "payload\payload.pyproj", "{35128647-E2CC-4029-AC4A-0811C5CF40ED}"
EndProject
Global
	GlobalSection(SolutionConfigurationPlatforms) = preSolution
		Debug|Any CPU = Debug|Any CPU
		Release|Any CPU = Release|Any CPU
	EndGlobalSection
	GlobalSection(ProjectConfigurationPlatforms) = postSolution
		{35128647-E2CC-4029-AC4A-0811C5CF40ED}.Debug|Any CPU.ActiveCfg = Debug|Any CPU
		{35128647-E2CC-4029-AC4A-0811C5CF40ED}.Release|Any CPU.ActiveCfg = Release|Any CPU
	EndGlobalSection
	GlobalSection(SolutionProperties) = preSolution
		HideSolutionNode = FALSE
	EndGlobalSection
	GlobalSection(ExtensibilityGlobals) = postSolution
		SolutionGuid = {860970DA-E9D6-46FC-87EB-88B4B5F71635}
	EndGlobalSection
EndGlobal
